
Microsoft Visual Studio Solution File, Format Version 12.00
Project("{FAE04EC0-301F-11D3-BF4B-00C04F79EFBC}") = "Triad Practice", "Triad Practice\Triad Practice.csproj", "{437FFB68-8488-48C1-9FDB-A954EA36F19C}"
EndProject
Global
	GlobalSection(SolutionConfigurationPlatforms) = preSolution
		Debug|Any CPU = Debug|Any CPU
		Release|Any CPU = Release|Any CPU
	EndGlobalSection
	GlobalSection(ProjectConfigurationPlatforms) = postSolution
		{437FFB68-8488-48C1-9FDB-A954EA36F19C}.Debug|Any CPU.ActiveCfg = Debug|Any CPU
		{437FFB68-8488-48C1-9FDB-A954EA36F19C}.Debug|Any CPU.Build.0 = Debug|Any CPU
		{437FFB68-8488-48C1-9FDB-A954EA36F19C}.Release|Any CPU.ActiveCfg = Release|Any CPU
		{437FFB68-8488-48C1-9FDB-A954EA36F19C}.Release|Any CPU.Build.0 = Release|Any CPU
	EndGlobalSection
EndGlobal
